
Microsoft Visual Studio Solution File, Format Version 12.00
# Visual Studio 15
VisualStudioVersion = 15.0.28307.329
MinimumVisualStudioVersion = 10.0.40219.1
Project("{FAE04EC0-301F-11D3-BF4B-00C04F79EFBC}") = "DebDeepDa.Android", "DebDeepDa\DebDeepDa.Android\DebDeepDa.Android.csproj", "{F67FECFF-D398-42FB-B342-A5B41D10113E}"
EndProject
Project("{FAE04EC0-301F-11D3-BF4B-00C04F79EFBC}") = "DebDeepDa.iOS", "DebDeepDa\DebDeepDa.iOS\DebDeepDa.iOS.csproj", "{3EDD6099-3781-453B-9A2B-BC55F0D01411}"
EndProject
Project("{FAE04EC0-301F-11D3-BF4B-00C04F79EFBC}") = "DebDeepDa", "DebDeepDa\DebDeepDa\DebDeepDa.csproj", "{6836A037-3E7C-40B5-AA15-5A65FDDDC5AA}"
EndProject
Global
	GlobalSection(SolutionConfigurationPlatforms) = preSolution
		Ad-Hoc|Any CPU = Ad-Hoc|Any CPU
		Ad-Hoc|iPhone = Ad-Hoc|iPhone
		Ad-Hoc|iPhoneSimulator = Ad-Hoc|iPhoneSimulator
		AppStore|Any CPU = AppStore|Any CPU
		AppStore|iPhone = AppStore|iPhone
		AppStore|iPhoneSimulator = AppStore|iPhoneSimulator
		Debug|Any CPU = Debug|Any CPU
		Debug|iPhone = Debug|iPhone
		Debug|iPhoneSimulator = Debug|iPhoneSimulator
		Release|Any CPU = Release|Any CPU
		Release|iPhone = Release|iPhone
		Release|iPhoneSimulator = Release|iPhoneSimulator
	EndGlobalSection
	GlobalSection(ProjectConfigurationPlatforms) = postSolution
		{F67FECFF-D398-42FB-B342-A5B41D10113E}.Ad-Hoc|Any CPU.ActiveCfg = Release|Any CPU
		{F67FECFF-D398-42FB-B342-A5B41D10113E}.Ad-Hoc|Any CPU.Build.0 = Release|Any CPU
		{F67FECFF-D398-42FB-B342-A5B41D10113E}.Ad-Hoc|Any CPU.Deploy.0 = Release|Any CPU
		{F67FECFF-D398-42FB-B342-A5B41D10113E}.Ad-Hoc|iPhone.ActiveCfg = Release|Any CPU
		{F67FECFF-D398-42FB-B342-A5B41D10113E}.Ad-Hoc|iPhone.Build.0 = Release|Any CPU
		{F67FECFF-D398-42FB-B342-A5B41D10113E}.Ad-Hoc|iPhone.Deploy.0 = Release|Any CPU
		{F67FECFF-D398-42FB-B342-A5B41D10113E}.Ad-Hoc|iPhoneSimulator.ActiveCfg = Release|Any CPU
		{F67FECFF-D398-42FB-B342-A5B41D10113E}.Ad-Hoc|iPhoneSimulator.Build.0 = Release|Any CPU
		{F67FECFF-D398-42FB-B342-A5B41D10113E}.Ad-Hoc|iPhoneSimulator.Deploy.0 = Release|Any CPU
		{F67FECFF-D398-42FB-B342-A5B41D10113E}.AppStore|Any CPU.ActiveCfg = Release|Any CPU
		{F67FECFF-D398-42FB-B342-A5B41D10113E}.AppStore|Any CPU.Build.0 = Release|Any CPU
		{F67FECFF-D398-42FB-B342-A5B41D10113E}.AppStore|Any CPU.Deploy.0 = Release|Any CPU
		{F67FECFF-D398-42FB-B342-A5B41D10113E}.AppStore|iPhone.ActiveCfg = Release|Any CPU
		{F67FECFF-D398-42FB-B342-A5B41D10113E}.AppStore|iPhone.Build.0 = Release|Any CPU
		{F67FECFF-D398-42FB-B342-A5B41D10113E}.AppStore|iPhone.Deploy.0 = Release|Any CPU
		{F67FECFF-D398-42FB-B342-A5B41D10113E}.AppStore|iPhoneSimulator.ActiveCfg = Release|Any CPU
		{F67FECFF-D398-42FB-B342-A5B41D10113E}.AppStore|iPhoneSimulator.Build.0 = Release|Any CPU
		{F67FECFF-D398-42FB-B342-A5B41D10113E}.AppStore|iPhoneSimulator.Deploy.0 = Release|Any CPU
		{F67FECFF-D398-42FB-B342-A5B41D10113E}.Debug|Any CPU.ActiveCfg = Debug|Any CPU
		{F67FECFF-D398-42FB-B342-A5B41D10113E}.Debug|Any CPU.Build.0 = Debug|Any CPU
		{F67FECFF-D398-42FB-B342-A5B41D10113E}.Debug|Any CPU.Deploy.0 = Debug|Any CPU
		{F67FECFF-D398-42FB-B342-A5B41D10113E}.Debug|iPhone.ActiveCfg = Debug|Any CPU
		{F67FECFF-D398-42FB-B342-A5B41D10113E}.Debug|iPhone.Build.0 = Debug|Any CPU
		{F67FECFF-D398-42FB-B342-A5B41D10113E}.Debug|iPhone.Deploy.0 = Debug|Any CPU
		{F67FECFF-D398-42FB-B342-A5B41D10113E}.Debug|iPhoneSimulator.ActiveCfg = Debug|Any CPU
		{F67FECFF-D398-42FB-B342-A5B41D10113E}.Debug|iPhoneSimulator.Build.0 = Debug|Any CPU
		{F67FECFF-D398-42FB-B342-A5B41D10113E}.Debug|iPhoneSimulator.Deploy.0 = Debug|Any CPU
		{F67FECFF-D398-42FB-B342-A5B41D10113E}.Release|Any CPU.ActiveCfg = Release|Any CPU
		{F67FECFF-D398-42FB-B342-A5B41D10113E}.Release|Any CPU.Build.0 = Release|Any CPU
		{F67FECFF-D398-42FB-B342-A5B41D10113E}.Release|Any CPU.Deploy.0 = Release|Any CPU
		{F67FECFF-D398-42FB-B342-A5B41D10113E}.Release|iPhone.ActiveCfg = Release|Any CPU
		{F67FECFF-D398-42FB-B342-A5B41D10113E}.Release|iPhone.Build.0 = Release|Any CPU
		{F67FECFF-D398-42FB-B342-A5B41D10113E}.Release|iPhone.Deploy.0 = Release|Any CPU
		{F67FECFF-D398-42FB-B342-A5B41D10113E}.Release|iPhoneSimulator.ActiveCfg = Release|Any CPU
		{F67FECFF-D398-42FB-B342-A5B41D10113E}.Release|iPhoneSimulator.Build.0 = Release|Any CPU
		{F67FECFF-D398-42FB-B342-A5B41D10113E}.Release|iPhoneSimulator.Deploy.0 = Release|Any CPU
		{3EDD6099-3781-453B-9A2B-BC55F0D01411}.Ad-Hoc|Any CPU.ActiveCfg = Ad-Hoc|iPhone
		{3EDD6099-3781-453B-9A2B-BC55F0D01411}.Ad-Hoc|Any CPU.Build.0 = Ad-Hoc|iPhone
		{3EDD6099-3781-453B-9A2B-BC55F0D01411}.Ad-Hoc|Any CPU.Deploy.0 = Ad-Hoc|iPhone
		{3EDD6099-3781-453B-9A2B-BC55F0D01411}.Ad-Hoc|iPhone.ActiveCfg = Ad-Hoc|iPhone
		{3EDD6099-3781-453B-9A2B-BC55F0D01411}.Ad-Hoc|iPhone.Build.0 = Ad-Hoc|iPhone
		{3EDD6099-3781-453B-9A2B-BC55F0D01411}.Ad-Hoc|iPhone.Deploy.0 = Ad-Hoc|iPhone
		{3EDD6099-3781-453B-9A2B-BC55F0D01411}.Ad-Hoc|iPhoneSimulator.ActiveCfg = Ad-Hoc|iPhoneSimulator
		{3EDD6099-3781-453B-9A2B-BC55F0D01411}.Ad-Hoc|iPhoneSimulator.Build.0 = Ad-Hoc|iPhoneSimulator
		{3EDD6099-3781-453B-9A2B-BC55F0D01411}.Ad-Hoc|iPhoneSimulator.Deploy.0 = Ad-Hoc|iPhoneSimulator
		{3EDD6099-3781-453B-9A2B-BC55F0D01411}.AppStore|Any CPU.ActiveCfg = AppStore|iPhone
		{3EDD6099-3781-453B-9A2B-BC55F0D01411}.AppStore|Any CPU.Build.0 = AppStore|iPhone
		{3EDD6099-3781-453B-9A2B-BC55F0D01411}.AppStore|Any CPU.Deploy.0 = AppStore|iPhone
		{3EDD6099-3781-453B-9A2B-BC55F0D01411}.AppStore|iPhone.ActiveCfg = AppStore|iPhone
		{3EDD6099-3781-453B-9A2B-BC55F0D01411}.AppStore|iPhone.Build.0 = AppStore|iPhone
		{3EDD6099-3781-453B-9A2B-BC55F0D01411}.AppStore|iPhone.Deploy.0 = AppStore|iPhone
		{3EDD6099-3781-453B-9A2B-BC55F0D01411}.AppStore|iPhoneSimulator.ActiveCfg = AppStore|iPhoneSimulator
		{3EDD6099-3781-453B-9A2B-BC55F0D01411}.AppStore|iPhoneSimulator.Build.0 = AppStore|iPhoneSimulator
		{3EDD6099-3781-453B-9A2B-BC55F0D01411}.AppStore|iPhoneSimulator.Deploy.0 = AppStore|iPhoneSimulator
		{3EDD6099-3781-453B-9A2B-BC55F0D01411}.Debug|Any CPU.ActiveCfg = Debug|iPhoneSimulator
		{3EDD6099-3781-453B-9A2B-BC55F0D01411}.Debug|Any CPU.Build.0 = Debug|iPhoneSimulator
		{3EDD6099-3781-453B-9A2B-BC55F0D01411}.Debug|Any CPU.Deploy.0 = Debug|iPhoneSimulator
		{3EDD6099-3781-453B-9A2B-BC55F0D01411}.Debug|iPhone.ActiveCfg = Debug|iPhone
		{3EDD6099-3781-453B-9A2B-BC55F0D01411}.Debug|iPhone.Build.0 = Debug|iPhone
		{3EDD6099-3781-453B-9A2B-BC55F0D01411}.Debug|iPhone.Deploy.0 = Debug|iPhone
		{3EDD6099-3781-453B-9A2B-BC55F0D01411}.Debug|iPhoneSimulator.ActiveCfg = Debug|iPhoneSimulator
		{3EDD6099-3781-453B-9A2B-BC55F0D01411}.Debug|iPhoneSimulator.Build.0 = Debug|iPhoneSimulator
		{3EDD6099-3781-453B-9A2B-BC55F0D01411}.Debug|iPhoneSimulator.Deploy.0 = Debug|iPhoneSimulator
		{3EDD6099-3781-453B-9A2B-BC55F0D01411}.Release|Any CPU.ActiveCfg = Release|iPhone
		{3EDD6099-3781-453B-9A2B-BC55F0D01411}.Release|Any CPU.Build.0 = Release|iPhone
		{3EDD6099-3781-453B-9A2B-BC55F0D01411}.Release|Any CPU.Deploy.0 = Release|iPhone
		{3EDD6099-3781-453B-9A2B-BC55F0D01411}.Release|iPhone.ActiveCfg = Release|iPhone
		{3EDD6099-3781-453B-9A2B-BC55F0D01411}.Release|iPhone.Build.0 = Release|iPhone
		{3EDD6099-3781-453B-9A2B-BC55F0D01411}.Release|iPhone.Deploy.0 = Release|iPhone
		{3EDD6099-3781-453B-9A2B-BC55F0D01411}.Release|iPhoneSimulator.ActiveCfg = Release|iPhoneSimulator
		{3EDD6099-3781-453B-9A2B-BC55F0D01411}.Release|iPhoneSimulator.Build.0 = Release|iPhoneSimulator
		{3EDD6099-3781-453B-9A2B-BC55F0D01411}.Release|iPhoneSimulator.Deploy.0 = Release|iPhoneSimulator
		{6836A037-3E7C-40B5-AA15-5A65FDDDC5AA}.Ad-Hoc|Any CPU.ActiveCfg = Debug|Any CPU
		{6836A037-3E7C-40B5-AA15-5A65FDDDC5AA}.Ad-Hoc|Any CPU.Build.0 = Debug|Any CPU
		{6836A037-3E7C-40B5-AA15-5A65FDDDC5AA}.Ad-Hoc|Any CPU.Deploy.0 = Debug|Any CPU
		{6836A037-3E7C-40B5-AA15-5A65FDDDC5AA}.Ad-Hoc|iPhone.ActiveCfg = Debug|Any CPU
		{6836A037-3E7C-40B5-AA15-5A65FDDDC5AA}.Ad-Hoc|iPhone.Build.0 = Debug|Any CPU
		{6836A037-3E7C-40B5-AA15-5A65FDDDC5AA}.Ad-Hoc|iPhone.Deploy.0 = Debug|Any CPU
		{6836A037-3E7C-40B5-AA15-5A65FDDDC5AA}.Ad-Hoc|iPhoneSimulator.ActiveCfg = Debug|Any CPU
		{6836A037-3E7C-40B5-AA15-5A65FDDDC5AA}.Ad-Hoc|iPhoneSimulator.Build.0 = Debug|Any CPU
		{6836A037-3E7C-40B5-AA15-5A65FDDDC5AA}.Ad-Hoc|iPhoneSimulator.Deploy.0 = Debug|Any CPU
		{6836A037-3E7C-40B5-AA15-5A65FDDDC5AA}.AppStore|Any CPU.ActiveCfg = Debug|Any CPU
		{6836A037-3E7C-40B5-AA15-5A65FDDDC5AA}.AppStore|Any CPU.Build.0 = Debug|Any CPU
		{6836A037-3E7C-40B5-AA15-5A65FDDDC5AA}.AppStore|Any CPU.Deploy.0 = Debug|Any CPU
		{6836A037-3E7C-40B5-AA15-5A65FDDDC5AA}.AppStore|iPhone.ActiveCfg = Debug|Any CPU
		{6836A037-3E7C-40B5-AA15-5A65FDDDC5AA}.AppStore|iPhone.Build.0 = Debug|Any CPU
		{6836A037-3E7C-40B5-AA15-5A65FDDDC5AA}.AppStore|iPhone.Deploy.0 = Debug|Any CPU
		{6836A037-3E7C-40B5-AA15-5A65FDDDC5AA}.AppStore|iPhoneSimulator.ActiveCfg = Debug|Any CPU
		{6836A037-3E7C-40B5-AA15-5A65FDDDC5AA}.AppStore|iPhoneSimulator.Build.0 = Debug|Any CPU
		{6836A037-3E7C-40B5-AA15-5A65FDDDC5AA}.AppStore|iPhoneSimulator.Deploy.0 = Debug|Any CPU
		{6836A037-3E7C-40B5-AA15-5A65FDDDC5AA}.Debug|Any CPU.ActiveCfg = Debug|Any CPU
		{6836A037-3E7C-40B5-AA15-5A65FDDDC5AA}.Debug|Any CPU.Build.0 = Debug|Any CPU
		{6836A037-3E7C-40B5-AA15-5A65FDDDC5AA}.Debug|Any CPU.Deploy.0 = Debug|Any CPU
		{6836A037-3E7C-40B5-AA15-5A65FDDDC5AA}.Debug|iPhone.ActiveCfg = Debug|Any CPU
		{6836A037-3E7C-40B5-AA15-5A65FDDDC5AA}.Debug|iPhone.Build.0 = Debug|Any CPU
		{6836A037-3E7C-40B5-AA15-5A65FDDDC5AA}.Debug|iPhone.Deploy.0 = Debug|Any CPU
		{6836A037-3E7C-40B5-AA15-5A65FDDDC5AA}.Debug|iPhoneSimulator.ActiveCfg = Debug|Any CPU
		{6836A037-3E7C-40B5-AA15-5A65FDDDC5AA}.Debug|iPhoneSimulator.Build.0 = Debug|Any CPU
		{6836A037-3E7C-40B5-AA15-5A65FDDDC5AA}.Debug|iPhoneSimulator.Deploy.0 = Debug|Any CPU
		{6836A037-3E7C-40B5-AA15-5A65FDDDC5AA}.Release|Any CPU.ActiveCfg = Release|Any CPU
		{6836A037-3E7C-40B5-AA15-5A65FDDDC5AA}.Release|Any CPU.Build.0 = Release|Any CPU
		{6836A037-3E7C-40B5-AA15-5A65FDDDC5AA}.Release|Any CPU.Deploy.0 = Release|Any CPU
		{6836A037-3E7C-40B5-AA15-5A65FDDDC5AA}.Release|iPhone.ActiveCfg = Release|Any CPU
		{6836A037-3E7C-40B5-AA15-5A65FDDDC5AA}.Release|iPhone.Build.0 = Release|Any CPU
		{6836A037-3E7C-40B5-AA15-5A65FDDDC5AA}.Release|iPhone.Deploy.0 = Release|Any CPU
		{6836A037-3E7C-40B5-AA15-5A65FDDDC5AA}.Release|iPhoneSimulator.ActiveCfg = Release|Any CPU
		{6836A037-3E7C-40B5-AA15-5A65FDDDC5AA}.Release|iPhoneSimulator.Build.0 = Release|Any CPU
		{6836A037-3E7C-40B5-AA15-5A65FDDDC5AA}.Release|iPhoneSimulator.Deploy.0 = Release|Any CPU
	EndGlobalSection
	GlobalSection(SolutionProperties) = preSolution
		HideSolutionNode = FALSE
	EndGlobalSection
	GlobalSection(ExtensibilityGlobals) = postSolution
		SolutionGuid = {6DEA79E9-BDA3-4F7E-8359-FE43E9523D51}
	EndGlobalSection
EndGlobal
